
Microsoft Visual Studio Solution File, Format Version 12.00
# Visual Studio Version 17
VisualStudioVersion = 17.2.32630.192
MinimumVisualStudioVersion = 10.0.40219.1
Project("{FAE04EC0-301F-11D3-BF4B-00C04F79EFBC}") = "BlockRename", "BlockRename\BlockRename.csproj", "{DAAB2BB7-05A6-4F45-9774-6C8A6907F2C6}"
EndProject
Global
	GlobalSection(SolutionConfigurationPlatforms) = preSolution
		Debug|Any CPU = Debug|Any CPU
		Release|Any CPU = Release|Any CPU
	EndGlobalSection
	GlobalSection(ProjectConfigurationPlatforms) = postSolution
		{DAAB2BB7-05A6-4F45-9774-6C8A6907F2C6}.Debug|Any CPU.ActiveCfg = Debug|Any CPU
		{DAAB2BB7-05A6-4F45-9774-6C8A6907F2C6}.Debug|Any CPU.Build.0 = Debug|Any CPU
		{DAAB2BB7-05A6-4F45-9774-6C8A6907F2C6}.Release|Any CPU.ActiveCfg = Release|Any CPU
		{DAAB2BB7-05A6-4F45-9774-6C8A6907F2C6}.Release|Any CPU.Build.0 = Release|Any CPU
	EndGlobalSection
	GlobalSection(SolutionProperties) = preSolution
		HideSolutionNode = FALSE
	EndGlobalSection
	GlobalSection(ExtensibilityGlobals) = postSolution
		SolutionGuid = {7D5D6A10-4894-419C-A064-C2160C2221AB}
	EndGlobalSection
EndGlobal
